
Microsoft Visual Studio Solution File, Format Version 12.00
# Visual Studio 15
VisualStudioVersion = 15.0.28307.757
MinimumVisualStudioVersion = 10.0.40219.1
Project("{FAE04EC0-301F-11D3-BF4B-00C04F79EFBC}") = "HearthStoneLib", "HearthStoneLib\HearthStoneLib.csproj", "{9D2E1F2C-6EBB-467D-9030-FAB01B2325F4}"
EndProject
Global
	GlobalSection(SolutionConfigurationPlatforms) = preSolution
		Debug|Any CPU = Debug|Any CPU
		Release|Any CPU = Release|Any CPU
	EndGlobalSection
	GlobalSection(ProjectConfigurationPlatforms) = postSolution
		{9D2E1F2C-6EBB-467D-9030-FAB01B2325F4}.Debug|Any CPU.ActiveCfg = Debug|Any CPU
		{9D2E1F2C-6EBB-467D-9030-FAB01B2325F4}.Debug|Any CPU.Build.0 = Debug|Any CPU
		{9D2E1F2C-6EBB-467D-9030-FAB01B2325F4}.Release|Any CPU.ActiveCfg = Release|Any CPU
		{9D2E1F2C-6EBB-467D-9030-FAB01B2325F4}.Release|Any CPU.Build.0 = Release|Any CPU
	EndGlobalSection
	GlobalSection(SolutionProperties) = preSolution
		HideSolutionNode = FALSE
	EndGlobalSection
	GlobalSection(ExtensibilityGlobals) = postSolution
		SolutionGuid = {2ADA43BF-4487-489C-95A8-ADFC604FE43D}
	EndGlobalSection
EndGlobal
